
Microsoft Visual Studio Solution File, Format Version 12.00
# Visual Studio Version 16
VisualStudioVersion = 16.0.31702.278
MinimumVisualStudioVersion = 10.0.40219.1
Project("{FAE04EC0-301F-11D3-BF4B-00C04F79EFBC}") = "Sugarbakers", "Sugarbakers.csproj", "{D6069125-BF78-436A-87AA-DD59244E9D22}"
EndProject
Global
	GlobalSection(SolutionConfigurationPlatforms) = preSolution
		Debug|Any CPU = Debug|Any CPU
		Release|Any CPU = Release|Any CPU
	EndGlobalSection
	GlobalSection(ProjectConfigurationPlatforms) = postSolution
		{D6069125-BF78-436A-87AA-DD59244E9D22}.Debug|Any CPU.ActiveCfg = Debug|Any CPU
		{D6069125-BF78-436A-87AA-DD59244E9D22}.Debug|Any CPU.Build.0 = Debug|Any CPU
		{D6069125-BF78-436A-87AA-DD59244E9D22}.Release|Any CPU.ActiveCfg = Release|Any CPU
		{D6069125-BF78-436A-87AA-DD59244E9D22}.Release|Any CPU.Build.0 = Release|Any CPU
	EndGlobalSection
	GlobalSection(SolutionProperties) = preSolution
		HideSolutionNode = FALSE
	EndGlobalSection
	GlobalSection(ExtensibilityGlobals) = postSolution
		SolutionGuid = {17852FFE-4BBC-4FE2-8F53-5A064DA60EA8}
	EndGlobalSection
EndGlobal
